// !$*UTF8*$!
{
	archiveVersion = 1;
	classes = {
	};
	objectVersion = 48;
	objects = {

/* Begin PBXBuildFile section */
		70192E7A25737ECC000F8FD3 /* BNRConstants.m in Sources */ = {isa = PBXBuildFile; fileRef = 70192E7925737ECC000F8FD3 /* BNRConstants.m */; };
		70192E802573A5F6000F8FD3 /* BNRLogger.m in Sources */ = {isa = PBXBuildFile; fileRef = 70192E7F2573A5F6000F8FD3 /* BNRLogger.m */; };
		70382BE32566585F002F0E81 /* main.m in Sources */ = {isa = PBXBuildFile; fileRef = 70382BE22566585F002F0E81 /* main.m */; };
		70382BEB25679697002F0E81 /* BNRPerson.m in Sources */ = {isa = PBXBuildFile; fileRef = 70382BEA25679697002F0E81 /* BNRPerson.m */; };
		70382BEE2567A885002F0E81 /* BNREmployee.m in Sources */ = {isa = PBXBuildFile; fileRef = 70382BED2567A885002F0E81 /* BNREmployee.m */; };
		7090319D256E443600A8F266 /* BNRAsset.m in Sources */ = {isa = PBXBuildFile; fileRef = 7090319C256E443600A8F266 /* BNRAsset.m */; };
/* End PBXBuildFile section */

/* Begin PBXCopyFilesBuildPhase section */
		70382BDD2566585F002F0E81 /* CopyFiles */ = {
			isa = PBXCopyFilesBuildPhase;
			buildActionMask = 2147483647;
			dstPath = /usr/share/man/man1/;
			dstSubfolderSpec = 0;
			files = (
			);
			runOnlyForDeploymentPostprocessing = 1;
		};
/* End PBXCopyFilesBuildPhase section */

/* Begin PBXFileReference section */
		70192E7825737ECC000F8FD3 /* BNRConstants.h */ = {isa = PBXFileReference; lastKnownFileType = sourcecode.c.h; path = BNRConstants.h; sourceTree = "<group>"; };
		70192E7925737ECC000F8FD3 /* BNRConstants.m */ = {isa = PBXFileReference; lastKnownFileType = sourcecode.c.objc; path = BNRConstants.m; sourceTree = "<group>"; };
		70192E7E2573A5F6000F8FD3 /* BNRLogger.h */ = {isa = PBXFileReference; lastKnownFileType = sourcecode.c.h; path = BNRLogger.h; sourceTree = "<group>"; };
		70192E7F2573A5F6000F8FD3 /* BNRLogger.m */ = {isa = PBXFileReference; lastKnownFileType = sourcecode.c.objc; path = BNRLogger.m; sourceTree = "<group>"; };
		70382BDF2566585F002F0E81 /* TimeAfterTime */ = {isa = PBXFileReference; explicitFileType = "compiled.mach-o.executable"; includeInIndex = 0; path = TimeAfterTime; sourceTree = BUILT_PRODUCTS_DIR; };
		70382BE22566585F002F0E81 /* main.m */ = {isa = PBXFileReference; lastKnownFileType = sourcecode.c.objc; path = main.m; sourceTree = "<group>"; };
		70382BE925679697002F0E81 /* BNRPerson.h */ = {isa = PBXFileReference; lastKnownFileType = sourcecode.c.h; path = BNRPerson.h; sourceTree = "<group>"; };
		70382BEA25679697002F0E81 /* BNRPerson.m */ = {isa = PBXFileReference; lastKnownFileType = sourcecode.c.objc; path = BNRPerson.m; sourceTree = "<group>"; };
		70382BEC2567A885002F0E81 /* BNREmployee.h */ = {isa = PBXFileReference; lastKnownFileType = sourcecode.c.h; path = BNREmployee.h; sourceTree = "<group>"; };
		70382BED2567A885002F0E81 /* BNREmployee.m */ = {isa = PBXFileReference; lastKnownFileType = sourcecode.c.objc; path = BNREmployee.m; sourceTree = "<group>"; };
		7090319B256E443500A8F266 /* BNRAsset.h */ = {isa = PBXFileReference; lastKnownFileType = sourcecode.c.h; path = BNRAsset.h; sourceTree = "<group>"; };
		7090319C256E443600A8F266 /* BNRAsset.m */ = {isa = PBXFileReference; lastKnownFileType = sourcecode.c.objc; path = BNRAsset.m; sourceTree = "<group>"; };
/* End PBXFileReference section */

/* Begin PBXFrameworksBuildPhase section */
		70382BDC2566585F002F0E81 /* Frameworks */ = {
			isa = PBXFrameworksBuildPhase;
			buildActionMask = 2147483647;
			files = (
			);
			runOnlyForDeploymentPostprocessing = 0;
		};
/* End PBXFrameworksBuildPhase section */

/* Begin PBXGroup section */
		70382BD62566585F002F0E81 = {
			isa = PBXGroup;
			children = (
				70382BE12566585F002F0E81 /* TimeAfterTime */,
				70382BE02566585F002F0E81 /* Products */,
			);
			sourceTree = "<group>";
		};
		70382BE02566585F002F0E81 /* Products */ = {
			isa = PBXGroup;
			children = (
				70382BDF2566585F002F0E81 /* TimeAfterTime */,
			);
			name = Products;
			sourceTree = "<group>";
		};
		70382BE12566585F002F0E81 /* TimeAfterTime */ = {
			isa = PBXGroup;
			children = (
				70382BEA25679697002F0E81 /* BNRPerson.m */,
				70382BE925679697002F0E81 /* BNRPerson.h */,
				70192E7E2573A5F6000F8FD3 /* BNRLogger.h */,
				70192E7F2573A5F6000F8FD3 /* BNRLogger.m */,
				70382BEC2567A885002F0E81 /* BNREmployee.h */,
				70382BED2567A885002F0E81 /* BNREmployee.m */,
				70382BE22566585F002F0E81 /* main.m */,
				70192E7825737ECC000F8FD3 /* BNRConstants.h */,
				70192E7925737ECC000F8FD3 /* BNRConstants.m */,
				7090319B256E443500A8F266 /* BNRAsset.h */,
				7090319C256E443600A8F266 /* BNRAsset.m */,
			);
			path = TimeAfterTime;
			sourceTree = "<group>";
		};
/* End PBXGroup section */

/* Begin PBXNativeTarget section */
		70382BDE2566585F002F0E81 /* TimeAfterTime */ = {
			isa = PBXNativeTarget;
			buildConfigurationList = 70382BE62566585F002F0E81 /* Build configuration list for PBXNativeTarget "TimeAfterTime" */;
			buildPhases = (
				70382BDB2566585F002F0E81 /* Sources */,
				70382BDC2566585F002F0E81 /* Frameworks */,
				70382BDD2566585F002F0E81 /* CopyFiles */,
			);
			buildRules = (
			);
			dependencies = (
			);
			name = TimeAfterTime;
			productName = TimeAfterTime;
			productReference = 70382BDF2566585F002F0E81 /* TimeAfterTime */;
			productType = "com.apple.product-type.tool";
		};
/* End PBXNativeTarget section */

/* Begin PBXProject section */
		70382BD72566585F002F0E81 /* Project object */ = {
			isa = PBXProject;
			attributes = {
				LastUpgradeCheck = 0920;
				ORGANIZATIONNAME = "重八";
				TargetAttributes = {
					70382BDE2566585F002F0E81 = {
						CreatedOnToolsVersion = 9.2;
						ProvisioningStyle = Automatic;
					};
				};
			};
			buildConfigurationList = 70382BDA2566585F002F0E81 /* Build configuration list for PBXProject "TimeAfterTime" */;
			compatibilityVersion = "Xcode 8.0";
			developmentRegion = en;
			hasScannedForEncodings = 0;
			knownRegions = (
				en,
			);
			mainGroup = 70382BD62566585F002F0E81;
			productRefGroup = 70382BE02566585F002F0E81 /* Products */;
			projectDirPath = "";
			projectRoot = "";
			targets = (
				70382BDE2566585F002F0E81 /* TimeAfterTime */,
			);
		};
/* End PBXProject section */

/* Begin PBXSourcesBuildPhase section */
		70382BDB2566585F002F0E81 /* Sources */ = {
			isa = PBXSourcesBuildPhase;
			buildActionMask = 2147483647;
			files = (
				70382BEE2567A885002F0E81 /* BNREmployee.m in Sources */,
				70382BE32566585F002F0E81 /* main.m in Sources */,
				70192E7A25737ECC000F8FD3 /* BNRConstants.m in Sources */,
				70382BEB25679697002F0E81 /* BNRPerson.m in Sources */,
				70192E802573A5F6000F8FD3 /* BNRLogger.m in Sources */,
				7090319D256E443600A8F266 /* BNRAsset.m in Sources */,
			);
			runOnlyForDeploymentPostprocessing = 0;
		};
/* End PBXSourcesBuildPhase section */

/* Begin XCBuildConfiguration section */
		70382BE42566585F002F0E81 /* Debug */ = {
			isa = XCBuildConfiguration;
			buildSettings = {
				ALWAYS_SEARCH_USER_PATHS = NO;
				CLANG_ANALYZER_NONNULL = YES;
				CLANG_ANALYZER_NUMBER_OBJECT_CONVERSION = YES_AGGRESSIVE;
				CLANG_CXX_LANGUAGE_STANDARD = "gnu++14";
				CLANG_CXX_LIBRARY = "libc++";
				CLANG_ENABLE_MODULES = YES;
				CLANG_ENABLE_OBJC_ARC = YES;
				CLANG_WARN_BLOCK_CAPTURE_AUTORELEASING = YES;
				CLANG_WARN_BOOL_CONVERSION = YES;
				CLANG_WARN_COMMA = YES;
				CLANG_WARN_CONSTANT_CONVERSION = YES;
				CLANG_WARN_DIRECT_OBJC_ISA_USAGE = YES_ERROR;
				CLANG_WARN_DOCUMENTATION_COMMENTS = YES;
				CLANG_WARN_EMPTY_BODY = YES;
				CLANG_WARN_ENUM_CONVERSION = YES;
				CLANG_WARN_INFINITE_RECURSION = YES;
				CLANG_WARN_INT_CONVERSION = YES;
				CLANG_WARN_NON_LITERAL_NULL_CONVERSION = YES;
				CLANG_WARN_OBJC_LITERAL_CONVERSION = YES;
				CLANG_WARN_OBJC_ROOT_CLASS = YES_ERROR;
				CLANG_WARN_RANGE_LOOP_ANALYSIS = YES;
				CLANG_WARN_STRICT_PROTOTYPES = YES;
				CLANG_WARN_SUSPICIOUS_MOVE = YES;
				CLANG_WARN_UNGUARDED_AVAILABILITY = YES_AGGRESSIVE;
				CLANG_WARN_UNREACHABLE_CODE = YES;
				CLANG_WARN__DUPLICATE_METHOD_MATCH = YES;
				CODE_SIGN_IDENTITY = "-";
				COPY_PHASE_STRIP = NO;
				DEBUG_INFORMATION_FORMAT = dwarf;
				ENABLE_STRICT_OBJC_MSGSEND = YES;
				ENABLE_TESTABILITY = YES;
				GCC_C_LANGUAGE_STANDARD = gnu11;
				GCC_DYNAMIC_NO_PIC = NO;
				GCC_NO_COMMON_BLOCKS = YES;
				GCC_OPTIMIZATION_LEVEL = 0;
				GCC_PREPROCESSOR_DEFINITIONS = (
					"DEBUG=1",
					"$(inherited)",
				);
				GCC_WARN_64_TO_32_BIT_CONVERSION = YES;
				GCC_WARN_ABOUT_RETURN_TYPE = YES_ERROR;
				GCC_WARN_UNDECLARED_SELECTOR = YES;
				GCC_WARN_UNINITIALIZED_AUTOS = YES_AGGRESSIVE;
				GCC_WARN_UNUSED_FUNCTION = YES;
				GCC_WARN_UNUSED_VARIABLE = YES;
				MACOSX_DEPLOYMENT_TARGET = 10.12;
				MTL_ENABLE_DEBUG_INFO = YES;
				ONLY_ACTIVE_ARCH = YES;
				SDKROOT = macosx;
			};
			name = Debug;
		};
		70382BE52566585F002F0E81 /* Release */ = {
			isa = XCBuildConfiguration;
			buildSettings = {
				ALWAYS_SEARCH_USER_PATHS = NO;
				CLANG_ANALYZER_NONNULL = YES;
				CLANG_ANALYZER_NUMBER_OBJECT_CONVERSION = YES_AGGRESSIVE;
				CLANG_CXX_LANGUAGE_STANDARD = "gnu++14";
				CLANG_CXX_LIBRARY = "libc++";
				CLANG_ENABLE_MODULES = YES;
				CLANG_ENABLE_OBJC_ARC = YES;
				CLANG_WARN_BLOCK_CAPTURE_AUTORELEASING = YES;
				CLANG_WARN_BOOL_CONVERSION = YES;
				CLANG_WARN_COMMA = YES;
				CLANG_WARN_CONSTANT_CONVERSION = YES;
				CLANG_WARN_DIRECT_OBJC_ISA_USAGE = YES_ERROR;
				CLANG_WARN_DOCUMENTATION_COMMENTS = YES;
				CLANG_WARN_EMPTY_BODY = YES;
				CLANG_WARN_ENUM_CONVERSION = YES;
				CLANG_WARN_INFINITE_RECURSION = YES;
				CLANG_WARN_INT_CONVERSION = YES;
				CLANG_WARN_NON_LITERAL_NULL_CONVERSION = YES;
				CLANG_WARN_OBJC_LITERAL_CONVERSION = YES;
				CLANG_WARN_OBJC_ROOT_CLASS = YES_ERROR;
				CLANG_WARN_RANGE_LOOP_ANALYSIS = YES;
				CLANG_WARN_STRICT_PROTOTYPES = YES;
				CLANG_WARN_SUSPICIOUS_MOVE = YES;
				CLANG_WARN_UNGUARDED_AVAILABILITY = YES_AGGRESSIVE;
				CLANG_WARN_UNREACHABLE_CODE = YES;
				CLANG_WARN__DUPLICATE_METHOD_MATCH = YES;
				CODE_SIGN_IDENTITY = "-";
				COPY_PHASE_STRIP = NO;
				DEBUG_INFORMATION_FORMAT = "dwarf-with-dsym";
				ENABLE_NS_ASSERTIONS = NO;
				ENABLE_STRICT_OBJC_MSGSEND = YES;
				GCC_C_LANGUAGE_STANDARD = gnu11;
				GCC_NO_COMMON_BLOCKS = YES;
				GCC_WARN_64_TO_32_BIT_CONVERSION = YES;
				GCC_WARN_ABOUT_RETURN_TYPE = YES_ERROR;
				GCC_WARN_UNDECLARED_SELECTOR = YES;
				GCC_WARN_UNINITIALIZED_AUTOS = YES_AGGRESSIVE;
				GCC_WARN_UNUSED_FUNCTION = YES;
				GCC_WARN_UNUSED_VARIABLE = YES;
				MACOSX_DEPLOYMENT_TARGET = 10.12;
				MTL_ENABLE_DEBUG_INFO = NO;
				SDKROOT = macosx;
			};
			name = Release;
		};
		70382BE72566585F002F0E81 /* Debug */ = {
			isa = XCBuildConfiguration;
			buildSettings = {
				CODE_SIGN_STYLE = Automatic;
				PRODUCT_NAME = "$(TARGET_NAME)";
			};
			name = Debug;
		};
		70382BE82566585F002F0E81 /* Release */ = {
			isa = XCBuildConfiguration;
			buildSettings = {
				CODE_SIGN_STYLE = Automatic;
				PRODUCT_NAME = "$(TARGET_NAME)";
			};
			name = Release;
		};
/* End XCBuildConfiguration section */

/* Begin XCConfigurationList section */
		70382BDA2566585F002F0E81 /* Build configuration list for PBXProject "TimeAfterTime" */ = {
			isa = XCConfigurationList;
			buildConfigurations = (
				70382BE42566585F002F0E81 /* Debug */,
				70382BE52566585F002F0E81 /* Release */,
			);
			defaultConfigurationIsVisible = 0;
			defaultConfigurationName = Release;
		};
		70382BE62566585F002F0E81 /* Build configuration list for PBXNativeTarget "TimeAfterTime" */ = {
			isa = XCConfigurationList;
			buildConfigurations = (
				70382BE72566585F002F0E81 /* Debug */,
				70382BE82566585F002F0E81 /* Release */,
			);
			defaultConfigurationIsVisible = 0;
			defaultConfigurationName = Release;
		};
/* End XCConfigurationList section */
	};
	rootObject = 70382BD72566585F002F0E81 /* Project object */;
}
